github.com/PuerkitoBio/goquery v1.0.2-0.20160831162211-152b1a2c8f5d h1:vVDdsHBraJtpA60U3WSdVXQcCE8s5phzQv7sOkGggjk=
github.com/PuerkitoBio/goquery v1.0.2-0.20160831162211-152b1a2c8f5d/go.mod h1:T9ezsOHcCrDCgA8aF1Cqr3sSYbO/xgdy8/R/XiIMAhA=
github.com/Sirupsen/logrus v0.10.1-0.20160829202321-3ec0642a7fb6 h1:8UA7ycG8qUIDb/pPY863f2BKlm8JZQhttl48uruw8bE=
github.com/Sirupsen/logrus v0.10.1-0.20160829202321-3ec0642a7fb6/go.mod h1:rmk17hk6i8ZSAJkSDa7nOxamrG+SP4P0mm+DAvExv4U=
github.com/andybalholm/cascadia v0.0.0-20160831153056-1c31af6f6c1a h1:9snH35uH1IOcdF3Xde3KuD6lUVNIbZZuv6fMycyRpD4=
github.com/andybalholm/cascadia v0.0.0-20160831153056-1c31af6f6c1a/go.mod h1:3I+3V7B6gTBYfdpYgIG2ymALS9H+5VDKUl3lHH7ToM4=
github.com/davecgh/go-spew v1.1.0/go.mod h1:J7Y8YcW2NihsgmVo/mv3lAwl/skON4iLHjSsI+c5H38=
github.com/davecgh/go-spew v1.1.1 h1:vj9j/u1bqnvCEfJOwUhtlOARqs3+rkHYY13jYWTU97c=
github.com/davecgh/go-spew v1.1.1/go.mod h1:J7Y8YcW2NihsgmVo/mv3lAwl/skON4iLHjSsI+c5H38=
github.com/dgrijalva/jwt-go v3.0.0+incompatible h1:nfVqwkkhaRUethVJaQf5TUFdFr3YUF4lJBTf/F2XwVI=
github.com/dgrijalva/jwt-go v3.0.0+incompatible/go.mod h1:E3ru+11k8xSBh+hMPgOLZmtrrCbhqsmaPHjLKYnJCaQ=
github.com/dimfeld/httppath v0.0.0-20140515164737-c8e499c3ef3c h1:ZUydtQ3zIrvM9JaBsb4vcVgueTwEDFLfo3pm7MWWH7k=
github.com/dimfeld/httppath v0.0.0-20140515164737-c8e499c3ef3c/go.mod h1:0FpDmbrt36utu8jEmeU05dPC9AB5tsLYVVi+ZHfyuwI=
github.com/dimfeld/httptreemux v3.3.0+incompatible h1:pSXFqMP/msQgAby8WScbShWIr0e2RLu8lq/GJtuzAbc=
github.com/dimfeld/httptreemux v3.3.0+incompatible/go.mod h1:rbUlSV+CCpv/SuqUTP/8Bk2O3LyUV436/yaRGkhP6Z0=
github.com/fsnotify/fsnotify v1.3.2-0.20160816051541-f12c6236fe7b h1:clQtr7BsnoijdumdhlbbOGglPb1lIAJ3yTPjYOHlKdQ=
github.com/fsnotify/fsnotify v1.3.2-0.20160816051541-f12c6236fe7b/go.mod h1:jwhsz4b93w/PPRr/qN1Yymfu8t87LnFCMoQvtojpjFo=
github.com/golang/protobuf v0.0.0-20160829194233-1f49d83d9aa0 h1:80TTswsNQ80smEffZo/oPOnqP1EA59ZP8C2GGfcL7Us=
github.com/golang/protobuf v0.0.0-20160829194233-1f49d83d9aa0/go.mod h1:6lQm79b+lXiMfvg/cZm0SGofjICqVBUtrP5yJMmIC1U=
github.com/google/go-github v8.0.1-0.20170725155112-35d38108ba83+incompatible h1:DnE4WhPszV+a6FHJmF8wIGTSMlSzeCR0XfBpkAxEEN0=
github.com/google/go-github v8.0.1-0.20170725155112-35d38108ba83+incompatible/go.mod h1:zLgOLi98H3fifZn+44m+umXrS52loVEgC2AApnigrVQ=
github.com/google/go-querystring v0.0.0-20160401233042-9235644dd9e5 h1:oERTZ1buOUYlpmKaqlO5fYmz8cZ1rYu5DieJzF4ZVmU=
github.com/google/go-querystring v0.0.0-20160401233042-9235644dd9e5/go.mod h1:odCYkC5MyYFN7vkCjXpyrEuKhc/BUO6wN/zVPAxq5ck=
github.com/guregu/kami v2.2.1+incompatible h1:G8vzA3Bx2jnm+AQOHXtHW0vTSQ7tQqfxLc5nuHFtkgI=
github.com/guregu/kami v2.2.1+incompatible/go.mod h1:EWmehSBHxCbnLPj3XytBR5sht/UebNLwwFYpGcfbptQ=
github.com/hashicorp/hcl v0.0.0-20160902165219-99df0eb941dd h1:84QdurP28/GTPuAXatiouvNyhN9dflZY9KtMbatmupI=
github.com/hashicorp/hcl v0.0.0-20160902165219-99df0eb941dd/go.mod h1:oZtUIOe8dh44I2q6ScRibXws4Ajl+d+nod3AaR9vL5w=
github.com/inconshreveable/mousetrap v1.0.0 h1:Z8tu5sraLXCXIcARxBp/8cbvlwVa7Z1NHg9XEKhtSvM=
github.com/inconshreveable/mousetrap v1.0.0/go.mod h1:PxqpIevigyE2G7u3NXJIT2ANytuPF1OarO4DADm73n8=
github.com/kr/fs v0.0.0-20131111012553-2788f0dbd169 h1:YUrU1/jxRqnt0PSrKj1Uj/wEjk/fjnE80QFfi2Zlj7Q=
github.com/kr/fs v0.0.0-20131111012553-2788f0dbd169/go.mod h1:glhvuHOU9Hy7/8PwwdtnarXqLagOX0b/TbZx2zLMqEg=
github.com/kr/pretty v0.1.0 h1:L/CwN0zerZDmRFUapSPitk6f+Q3+0za1rQkzVuMiMFI=
github.com/kr/pretty v0.1.0/go.mod h1:dAy3ld7l9f0ibDNOQOHHMYYIIbhfbHSm3C4ZsoJORNo=
github.com/kr/pty v1.1.1/go.mod h1:pFQYn66WHrOpPYNljwOMqo10TkYh1fy3cYio2l3bCsQ=
github.com/kr/text v0.1.0 h1:45sCR5RtlFHMR4UwH9sdQ5TC8v0qDQCHnXt+kaKSTVE=
github.com/kr/text v0.1.0/go.mod h1:4Jbv+DJW3UT/LiOwJeYQe1efqtUx/iVham/4vfdArNI=
github.com/magiconair/properties v1.7.1-0.20160908093658-0723e352fa35 h1:WtkHGe1cgg+lvDj9p5CvjXrfopsIss0vIAz+/zeYZyQ=
github.com/magiconair/properties v1.7.1-0.20160908093658-0723e352fa35/go.mod h1:PppfXfuXeibc/6YijjN8zIbojt8czPbwD3XqdrwzmxQ=
github.com/mitchellh/mapstructure v0.0.0-20160808181253-ca63d7c062ee h1:kK7VuFVykgt0LfMSloWYjDOt4TnOcL0AxF0/rDq2VkM=
github.com/mitchellh/mapstructure v0.0.0-20160808181253-ca63d7c062ee/go.mod h1:FVVH3fgwuzCH5S8UJGiWEs2h04kUh9fWfEaFds41c1Y=
github.com/pelletier/go-buffruneio v0.1.0 h1:ig6N9Cg71k/P+UUbhwdOFtJWz+qa8/3by7AzMprMWBM=
github.com/pelletier/go-buffruneio v0.1.0/go.mod h1:JkE26KsDizTr40EUHkXVtNPvgGtbSNq5BcowyYOWdKo=
github.com/pelletier/go-toml v0.3.6-0.20160906202557-31055c2ff0bb h1:itpNy1S158xYBrFLYeyGyGjlds546+4bSNENlR5kcU4=
github.com/pelletier/go-toml v0.3.6-0.20160906202557-31055c2ff0bb/go.mod h1:5z9KED0ma1S8pY6P1sdut58dfprrGBbd/94hg7ilaic=
github.com/pkg/errors v0.7.1 h1:0XSZhzhcAUrs2vsv1y5jaxWejlCCgvxI/kBpbRFMZ+o=
github.com/pkg/errors v0.7.1/go.mod h1:bwawxfHBFNV+L2hUp1rHADufV3IMtnDRdf1r5NINEl0=
github.com/pkg/sftp v0.0.0-20160908100035-8197a2e58073 h1:9PqYQCzKEbilrPJl3LDO16HdbA25Yqc3I25aUfgFaCs=
github.com/pkg/sftp v0.0.0-20160908100035-8197a2e58073/go.mod h1:NxmoDg/QLVWluQDUYG7XBZTLUpKeFa8e3aMf1BfjyHk=
github.com/pmezard/go-difflib v1.0.0 h1:4DBwDE0NGyQoBHbLQYPwSUPoCMWR5BEzIk/f1lZbAQM=
github.com/pmezard/go-difflib v1.0.0/go.mod h1:iKH77koFhYxTK1pcRnkKkqfTogsbg7gZNVY4sRDYZ/4=
github.com/rs/cors v0.0.0-20160617231935-a62a804a8a00 h1:8DPul/X0IT/1TNMIxoKLwdemEOBBHDC/K4EB16Cw5WE=
github.com/rs/cors v0.0.0-20160617231935-a62a804a8a00/go.mod h1:gFx+x8UowdsKA9AchylcLynDq+nNFfI8FkUZdN/jGCU=
github.com/rs/xhandler v0.0.0-20160618193221-ed27b6fd6521 h1:3hxavr+IHMsQBrYUPQM5v0CgENFktkkbg1sfpgM3h20=
github.com/rs/xhandler v0.0.0-20160618193221-ed27b6fd6521/go.mod h1:RvLn4FgxWubrpZHtQLnOf6EwhN2hEMusxZOhcW9H3UQ=
github.com/spf13/afero v0.0.0-20160821083612-20500e2abd0d h1:sd1qRX4NJPdIHizg+E7cK0kFaJRjwfJFQyUJUguwIak=
github.com/spf13/afero v0.0.0-20160821083612-20500e2abd0d/go.mod h1:j4pytiNVoe2o6bmDsKpLACNPDBIoEAkihy7loJ1B0CQ=
github.com/spf13/cast v0.0.0-20160730092037-e31f36ffc91a h1:tPI5RnYZJhcXj0LhJ9pi7PS7gqOhuFR+4HEKyDz3BnQ=
github.com/spf13/cast v0.0.0-20160730092037-e31f36ffc91a/go.mod h1:r2rcYCSwa1IExKTDiTfzaxqT2FNHs8hODu4LnUfgKEg=
github.com/spf13/cobra v0.0.0-20160830174925-9c28e4bbd74e h1:YdP6GKJS0Ls++kXc85WCCX2ArKToqixBwpBrWP/5J/k=
github.com/spf13/cobra v0.0.0-20160830174925-9c28e4bbd74e/go.mod h1:1l0Ry5zgKvJasoi3XT1TypsSe7PqH0Sj9dhYf7v3XqQ=
github.com/spf13/jwalterweatherman v0.0.0-20160311093646-33c24e77fb80 h1:evyGXhHMrxKBDkdlSPv9HMWV2o53o+Ibhm28BGc0450=
github.com/spf13/jwalterweatherman v0.0.0-20160311093646-33c24e77fb80/go.mod h1:cQK4TGJAtQXfYWX+Ddv3mKDzgVb68N+wFjFa4jdeBTo=
github.com/spf13/pflag v0.0.0-20160915153101-c7e63cf4530b h1:wT0f1lvMzot+G0vEQQqBBJIHEj5l+fVx72f7BC9xU14=
github.com/spf13/pflag v0.0.0-20160915153101-c7e63cf4530b/go.mod h1:DYY7MBk1bdzusC3SYhjObp+wFpr4gzcvqqNjLnInEg4=
github.com/spf13/viper v0.0.0-20160830143246-16990631d4aa h1:+yZESdfzohzq0Jtw+Cqbc8DzjoodNv3CB+BOww04drs=
github.com/spf13/viper v0.0.0-20160830143246-16990631d4aa/go.mod h1:A8kyI5cUJhb8N+3pkfONlcEcZbueH6nhAm0Fq7SrnBM=
github.com/stretchr/objx v0.1.0/go.mod h1:HFkY916IF+rwdDfMAkV7OtwuqBVzrE8GR6GFx+wExME=
github.com/stretchr/testify v1.4.0 h1:2E4SXV/wtOkTonXsotYi4li6zVWxYlZuYNCXe9XRJyk=
github.com/stretchr/testify v1.4.0/go.mod h1:j7eGeouHqKxXV5pUuKE4zz7dFj8WfuZ+81PSLYec5m4=
github.com/zenazn/goji v0.9.1-0.20160823030549-4d7077956293 h1:d4Z2pghRnUeh1i1mo+eirsIo1UB1MDzKs9d6w7rI//o=
github.com/zenazn/goji v0.9.1-0.20160823030549-4d7077956293/go.mod h1:7S9M489iMyHBNxwZnk9/EHS098H4/F6TATF2mIxtB1Q=
golang.org/x/crypto v0.0.0-20160915071417-81372b2fc2f1 h1:sNqTn8YefEwa0w/VlBwT2oC87+vpmr8LapsQZHdR4CM=
golang.org/x/crypto v0.0.0-20160915071417-81372b2fc2f1/go.mod h1:6SG95UA2DQfeDnfUPMdvaQW0Q7yPrPDi9nlGo2tz2b4=
golang.org/x/net v0.0.0-20160914084325-de35ec43e7a9 h1:kx/Lof15CmxipDbbp6a+NuQHIUBL4ujnHPdEoj6Z/L4=
golang.org/x/net v0.0.0-20160914084325-de35ec43e7a9/go.mod h1:mL1N/T3taQHkDXs73rZJwtUhF3w3ftmwwsq0BUmARs4=
golang.org/x/oauth2 v0.0.0-20160902055913-3c3a985cb79f h1:VWt05OS3Al9w09GSPgltoHP90whAHlpik/Bys7HVEDE=
golang.org/x/oauth2 v0.0.0-20160902055913-3c3a985cb79f/go.mod h1:N/0e6XlmueqKjAGxoOufVs8QHGRruUQn6yWY3a++T0U=
golang.org/x/sys v0.0.0-20160907145946-30de6d19a3bd h1:623bV31oLOV7UxfAiittr+7N1SmYu2sKBBQnm0dFJp4=
golang.org/x/sys v0.0.0-20160907145946-30de6d19a3bd/go.mod h1:STP8DvDyc/dI5b8T5hshtkjS+E42TnysNCUPdjciGhY=
golang.org/x/text v0.0.0-20160915075942-04b8648d973c h1:MZZXXxZX9mtQf2bHJmbdLO8VhC0ABAptXeSFNPugg3M=
golang.org/x/text v0.0.0-20160915075942-04b8648d973c/go.mod h1:NqM8EUOU14njkJ3fqMW+pc6Ldnwhi/IjpwHt7yyuwOQ=
google.golang.org/appengine v0.0.0-20160914034556-78199dcb0669 h1:Gn/iNp0aEQHNkLa3fPIB1MaMpzxY0MopwQfO1mHVjBM=
google.golang.org/appengine v0.0.0-20160914034556-78199dcb0669/go.mod h1:EbEs0AVv82hx2wNQdGPgUI5lhzA/G0D9YwlJXL52JkM=
gopkg.in/check.v1 v0.0.0-20161208181325-20d25e280405/go.mod h1:Co6ibVJAznAaIkqp8huTwlJQCZ016jof/cbN4VW5Yz0=
gopkg.in/check.v1 v1.0.0-20190902080502-41f04d3bba15 h1:YR8cESwS4TdDjEe65xsg0ogRM/Nc3DYOhEAlW+xobZo=
gopkg.in/check.v1 v1.0.0-20190902080502-41f04d3bba15/go.mod h1:Co6ibVJAznAaIkqp8huTwlJQCZ016jof/cbN4VW5Yz0=
gopkg.in/yaml.v2 v2.2.2 h1:ZCJp+EgiOT7lHqUV2J862kp8Qj64Jo6az82+3Td9dZw=
gopkg.in/yaml.v2 v2.2.2/go.mod h1:hI93XBmqTisBFMUTm0b8Fm+jr3Dg1NNxqwp+5A1VGuI=
